
Microsoft Visual Studio Solution File, Format Version 12.00
# Visual Studio 15
VisualStudioVersion = 15.0.33801.198
MinimumVisualStudioVersion = 10.0.40219.1
Project("{FAE04EC0-301F-11D3-BF4B-00C04F79EFBC}") = "TwoSumPalindrame", "Prc4\TwoSumPalindrame.csproj", "{3F1A88DB-673A-480A-8BFD-B1429EE15F84}"
EndProject
Global
	GlobalSection(SolutionConfigurationPlatforms) = preSolution
		Debug|Any CPU = Debug|Any CPU
		Release|Any CPU = Release|Any CPU
	EndGlobalSection
	GlobalSection(ProjectConfigurationPlatforms) = postSolution
		{3F1A88DB-673A-480A-8BFD-B1429EE15F84}.Debug|Any CPU.ActiveCfg = Debug|Any CPU
		{3F1A88DB-673A-480A-8BFD-B1429EE15F84}.Debug|Any CPU.Build.0 = Debug|Any CPU
		{3F1A88DB-673A-480A-8BFD-B1429EE15F84}.Release|Any CPU.ActiveCfg = Release|Any CPU
		{3F1A88DB-673A-480A-8BFD-B1429EE15F84}.Release|Any CPU.Build.0 = Release|Any CPU
	EndGlobalSection
	GlobalSection(SolutionProperties) = preSolution
		HideSolutionNode = FALSE
	EndGlobalSection
	GlobalSection(ExtensibilityGlobals) = postSolution
		SolutionGuid = {82445313-B63D-499C-9A8B-40710A64327E}
	EndGlobalSection
EndGlobal
